
Microsoft Visual Studio Solution File, Format Version 12.00
# Visual Studio Version 17
VisualStudioVersion = 17.14.36414.22 d17.14
MinimumVisualStudioVersion = 10.0.40219.1
Project("{FAE04EC0-301F-11D3-BF4B-00C04F79EFBC}") = "Assignment6.1.3", "Assignment6.1.3.csproj", "{CFBDC53D-39B0-4801-B7F1-35F299B2A002}"
EndProject
Global
	GlobalSection(SolutionConfigurationPlatforms) = preSolution
		Debug|Any CPU = Debug|Any CPU
		Release|Any CPU = Release|Any CPU
	EndGlobalSection
	GlobalSection(ProjectConfigurationPlatforms) = postSolution
		{CFBDC53D-39B0-4801-B7F1-35F299B2A002}.Debug|Any CPU.ActiveCfg = Debug|Any CPU
		{CFBDC53D-39B0-4801-B7F1-35F299B2A002}.Debug|Any CPU.Build.0 = Debug|Any CPU
		{CFBDC53D-39B0-4801-B7F1-35F299B2A002}.Release|Any CPU.ActiveCfg = Release|Any CPU
		{CFBDC53D-39B0-4801-B7F1-35F299B2A002}.Release|Any CPU.Build.0 = Release|Any CPU
	EndGlobalSection
	GlobalSection(SolutionProperties) = preSolution
		HideSolutionNode = FALSE
	EndGlobalSection
	GlobalSection(ExtensibilityGlobals) = postSolution
		SolutionGuid = {208E9B34-21D0-432F-8C05-79E4FF6EAAA6}
	EndGlobalSection
EndGlobal
